version: 1

# Large inference assets pinned to immutable sources and checksums.
# Paths are relative to the writable state directory and are never in the
# read-only flake source.
assets:
  qwen36_q4:
    path: .hf/models/qwen36/Qwen3.6-35B-A3B-Uncensored-HauhauCS-Aggressive-Q4_K_M.gguf
    url: https://huggingface.co/HauhauCS/Qwen3.6-35B-A3B-Uncensored-HauhauCS-Aggressive/resolve/f12a584fecbeb5f20001130d8ecd66c9327ae685/Qwen3.6-35B-A3B-Uncensored-HauhauCS-Aggressive-Q4_K_M.gguf
    size: 21166758016
    sha256: bbef58c37ce88820be9d98b6437f1cf4bac890c947bd55fc7b68e22098574231

  qwen36_mmproj:
    path: .hf/models/qwen36/mmproj-Qwen3.6-35B-A3B-Uncensored-HauhauCS-Aggressive-f16.gguf
    url: https://huggingface.co/HauhauCS/Qwen3.6-35B-A3B-Uncensored-HauhauCS-Aggressive/resolve/f12a584fecbeb5f20001130d8ecd66c9327ae685/mmproj-Qwen3.6-35B-A3B-Uncensored-HauhauCS-Aggressive-f16.gguf
    size: 899283072
    sha256: c8e702344a81f8c226a914aa980ed6e1f604bce9374f1fed8e65c896908af414

  wai_sdxl:
    path: models/sd/waiIllustriousSDXL_v170.safetensors
    url: https://civitai.com/api/download/models/2883731
    size: 6938040682
    sha256: f116b0c78ff441467b0cdc8f1936e1ed18ea31e9997c7b132b1b8db533f0bd04

  unholy_sdxl:
    path: models/sd/unholyDesireMixSinister_v80.safetensors
    url: https://civitai.com/api/download/models/2824082
    size: 6938465258
    sha256: 6945832a725155f414edb735502b84ef16c53b9fd8318d8da3e6103b210dc1a3

  micro_details_lora:
    path: models/sd/lora/AddMicroDetails_Illustrious_v6.safetensors
    url: https://civitai.com/api/download/models/2832991
    size: 228470756
    sha256: ce12af9c5e510a745618f76f1197c5776cd283e5dddd707fc0371afd940b4454
