{
  "name": "nixloom-openclaw-tavily",
  "version": "1.0.0",
  "lockfileVersion": 3,
  "requires": true,
  "packages": {
    "": {
      "name": "nixloom-openclaw-tavily",
      "version": "1.0.0",
      "dependencies": {
        "@openclaw/tavily-plugin": "2026.6.33"
      }
    },
    "node_modules/@openclaw/tavily-plugin": {
      "version": "2026.6.33",
      "resolved": "https://registry.npmjs.org/@openclaw/tavily-plugin/-/tavily-plugin-2026.6.33.tgz",
      "integrity": "sha512-XsF/A1NlCHPsmJZA4cMEjlOgkk4XXS3n0pygeY376Hd2/G1Ld7BkDmE4KgWKHlk7EZgpsFEyA0RM7D7MvR/sng==",
      "bundleDependencies": [
        "typebox"
      ],
      "hasShrinkwrap": true,
      "dependencies": {
        "typebox": "1.1.39"
      },
      "peerDependencies": {
        "openclaw": ">=2026.6.33"
      },
      "peerDependenciesMeta": {
        "openclaw": {
          "optional": true
        }
      }
    },
    "node_modules/@openclaw/tavily-plugin/node_modules/typebox": {
      "version": "1.1.39",
      "resolved": "https://registry.npmjs.org/typebox/-/typebox-1.1.39.tgz",
      "integrity": "sha512-vj0afVtOfLQvv0GR0VxVagYxsXN64btL7Z9XoaG0ZggH3mruMMkOO6hXdgMsjCY3shZgEvooAWVeznQVs5c43w==",
      "inBundle": true,
      "license": "MIT"
    }
  }
}
